<?xml version="1.0" encoding="utf-8"?>
<Project ToolsVersion="4.0" xmlns="http://schemas.microsoft.com/developer/msbuild/2003">
  <ItemGroup>
    <Filter Include="Source Files">
      <UniqueIdentifier>{4FC737F1-C7A5-4376-A066-2A32D752A2FF}</UniqueIdentifier>
      <Extensions>cpp;c;cc;cxx;c++;cppm;ixx;def;odl;idl;hpj;bat;asm;asmx</Extensions>
    </Filter>
    <Filter Include="Header Files">
      <UniqueIdentifier>{93995380-89BD-4b04-88EB-625FBE52EBFB}</UniqueIdentifier>
      <Extensions>h;hh;hpp;hxx;h++;hm;inl;inc;ipp;xsd</Extensions>
    </Filter>
    <Filter Include="Resource Files">
      <UniqueIdentifier>{67DA6AB6-F800-4c08-8B7A-83BB121AAD01}</UniqueIdentifier>
      <Extensions>rc;ico;cur;bmp;dlg;rc2;rct;bin;rgs;gif;jpg;jpeg;jpe;resx;tiff;tif;png;wav;mfcribbon-ms</Extensions>
    </Filter>
  </ItemGroup>
  <ItemGroup>
    <ClCompile Include="src\Engine\Console.cpp">
      <Filter>Source Files</Filter>
    </ClCompile>
    <ClCompile Include="src\Engine\Texture\Image.cpp">
      <Filter>Source Files</Filter>
    </ClCompile>
    <ClCompile Include="src\Engine\Texture\ImageLoader.cpp">
      <Filter>Source Files</Filter>
    </ClCompile>
    <ClCompile Include="src\Engine\Engine.cpp">
      <Filter>Source Files</Filter>
    </ClCompile>
    <ClCompile Include="src\Engine\Input.cpp">
      <Filter>Source Files</Filter>
    </ClCompile>
    <ClCompile Include="src\Maths\Random.cpp">
      <Filter>Source Files</Filter>
    </ClCompile>
    <ClCompile Include="src\Maths\Vector2.cpp">
      <Filter>Source Files</Filter>
    </ClCompile>
    <ClCompile Include="src\Maths\Vector2i.cpp">
      <Filter>Source Files</Filter>
    </ClCompile>
    <ClCompile Include="src\Maths\Vector3.cpp">
      <Filter>Source Files</Filter>
    </ClCompile>
    <ClCompile Include="src\Maths\Vector3i.cpp">
      <Filter>Source Files</Filter>
    </ClCompile>
    <ClCompile Include="src\Maths\Vector4.cpp">
      <Filter>Source Files</Filter>
    </ClCompile>
    <ClCompile Include="src\Maths\Vector4i.cpp">
      <Filter>Source Files</Filter>
    </ClCompile>
    <ClCompile Include="src\MusicMachine.cpp">
      <Filter>Source Files</Filter>
    </ClCompile>
    <ClCompile Include="src\App\App.cpp">
      <Filter>Source Files</Filter>
    </ClCompile>
    <ClCompile Include="src\App\Nodes\Canvas.cpp">
      <Filter>Source Files</Filter>
    </ClCompile>
    <ClCompile Include="src\App\Nodes\NodeNetwork.cpp">
      <Filter>Source Files</Filter>
    </ClCompile>
    <ClCompile Include="src\App\Nodes\Node.cpp">
      <Filter>Source Files</Filter>
    </ClCompile>
    <ClCompile Include="src\App\Nodes\NodeTypes.cpp">
      <Filter>Source Files</Filter>
    </ClCompile>
    <ClCompile Include="src\Maths\BBox.cpp">
      <Filter>Source Files</Filter>
    </ClCompile>
    <ClCompile Include="src\Engine\DrawList.cpp">
      <Filter>Source Files</Filter>
    </ClCompile>
    <ClCompile Include="src\App\JSON.cpp">
      <Filter>Source Files</Filter>
    </ClCompile>
    <ClCompile Include="src\App\Nodes\NodeNetworkRenderer.cpp">
      <Filter>Source Files</Filter>
    </ClCompile>
    <ClCompile Include="src\App\AudioChannel.cpp">
      <Filter>Source Files</Filter>
    </ClCompile>
    <ClCompile Include="src\App\Sequencer.cpp">
      <Filter>Source Files</Filter>
    </ClCompile>
    <ClCompile Include="src\App\AudioStream.cpp">
      <Filter>Source Files</Filter>
    </ClCompile>
    <ClCompile Include="src\App\Nodes\NodeRegistry.cpp">
      <Filter>Source Files</Filter>
    </ClCompile>
  </ItemGroup>
  <ItemGroup>
    <ClInclude Include="include\App\App.h">
      <Filter>Header Files</Filter>
    </ClInclude>
    <ClInclude Include="include\Engine\Texture\Image.h">
      <Filter>Header Files</Filter>
    </ClInclude>
    <ClInclude Include="include\Engine\Texture\ImageLoader.h">
      <Filter>Header Files</Filter>
    </ClInclude>
    <ClInclude Include="include\Engine\Console.h">
      <Filter>Header Files</Filter>
    </ClInclude>
    <ClInclude Include="include\Engine\Input.h">
      <Filter>Header Files</Filter>
    </ClInclude>
    <ClInclude Include="include\Engine.h">
      <Filter>Header Files</Filter>
    </ClInclude>
    <ClInclude Include="include\Random.h">
      <Filter>Header Files</Filter>
    </ClInclude>
    <ClInclude Include="include\Vector.h">
      <Filter>Header Files</Filter>
    </ClInclude>
    <ClInclude Include="include\App\Nodes\Canvas.h">
      <Filter>Header Files</Filter>
    </ClInclude>
    <ClInclude Include="include\App\Nodes\Node.h">
      <Filter>Header Files</Filter>
    </ClInclude>
    <ClInclude Include="include\App\Nodes\NodeNetwork.h">
      <Filter>Header Files</Filter>
    </ClInclude>
    <ClInclude Include="include\App\Nodes\NodeTypes.h">
      <Filter>Header Files</Filter>
    </ClInclude>
    <ClInclude Include="include\BBox.h">
      <Filter>Header Files</Filter>
    </ClInclude>
    <ClInclude Include="include\Engine\DrawList.h">
      <Filter>Header Files</Filter>
    </ClInclude>
    <ClInclude Include="include\App\JSON.h">
      <Filter>Header Files</Filter>
    </ClInclude>
    <ClInclude Include="include\App\Nodes\NodeFactory.h">
      <Filter>Header Files</Filter>
    </ClInclude>
    <ClInclude Include="include\App\AudioStream.h">
      <Filter>Header Files</Filter>
    </ClInclude>
    <ClInclude Include="include\App\AudioChannel.h">
      <Filter>Header Files</Filter>
    </ClInclude>
    <ClInclude Include="include\App\Sequencer.h">
      <Filter>Header Files</Filter>
    </ClInclude>
    <ClInclude Include="include\App\Nodes\NodeRegistry.h">
      <Filter>Header Files</Filter>
    </ClInclude>
  </ItemGroup>
</Project>